PODS:
  - AFNetworking (2.6.3):
    - AFNetworking/NSURLConnection (= 2.6.3)
    - AFNetworking/NSURLSession (= 2.6.3)
    - AFNetworking/Reachability (= 2.6.3)
    - AFNetworking/Security (= 2.6.3)
    - AFNetworking/Serialization (= 2.6.3)
    - AFNetworking/UIKit (= 2.6.3)
  - AFNetworking/NSURLConnection (2.6.3):
    - AFNetworking/Reachability
    - AFNetworking/Security
    - AFNetworking/Serialization
  - AFNetworking/NSURLSession (2.6.3):
    - AFNetworking/Reachability
    - AFNetworking/Security
    - AFNetworking/Serialization
  - AFNetworking/Reachability (2.6.3)
  - AFNetworking/Security (2.6.3)
  - AFNetworking/Serialization (2.6.3)
  - AFNetworking/UIKit (2.6.3):
    - AFNetworking/NSURLConnection
    - AFNetworking/NSURLSession
  - ApiAI/AudioFileConverter (0.4.3):
    - ApiAI/Core
  - ApiAI/Core (0.4.3)
  - ApiAI/ResponseMapping (0.4.3):
    - ApiAI/Core (~> 1.1.0)
  - ApiAI/VoiceFileRequest (0.4.3):
    - ApiAI/Core
  - MRProgress (0.8.2):
    - MRProgress/ActivityIndicator (= 0.8.2)
    - MRProgress/Blur (= 0.8.2)
    - MRProgress/Circular (= 0.8.2)
    - MRProgress/Icons (= 0.8.2)
    - MRProgress/NavigationBarProgress (= 0.8.2)
    - MRProgress/Overlay (= 0.8.2)
  - MRProgress/ActivityIndicator (0.8.2):
    - MRProgress/Stopable
  - MRProgress/Blur (0.8.2):
    - MRProgress/Helper
  - MRProgress/Circular (0.8.2):
    - MRProgress/Helper
    - MRProgress/ProgressBaseClass
    - MRProgress/Stopable
  - MRProgress/Helper (0.8.2)
  - MRProgress/Icons (0.8.2)
  - MRProgress/NavigationBarProgress (0.8.2):
    - MRProgress/ProgressBaseClass
  - MRProgress/Overlay (0.8.2):
    - MRProgress/ActivityIndicator
    - MRProgress/Blur
    - MRProgress/Circular
    - MRProgress/Helper
    - MRProgress/Icons
  - MRProgress/ProgressBaseClass (0.8.2)
  - MRProgress/Stopable (0.8.2):
    - MRProgress/Helper

DEPENDENCIES:
  - AFNetworking
  - ApiAI/AudioFileConverter
  - ApiAI/ResponseMapping
  - ApiAI/VoiceFileRequest
  - MRProgress

SPEC CHECKSUMS:
  AFNetworking: cb8d14a848e831097108418f5d49217339d4eb60
  ApiAI: b5b99670ed4b4aa208fef88633b05142db1ff470
  MRProgress: f4cfe862082418e8f542f077772283f425d6c699

COCOAPODS: 0.39.0
